
Microsoft Visual Studio Solution File, Format Version 12.00
# Visual Studio Version 16
VisualStudioVersion = 16.0.29709.97
MinimumVisualStudioVersion = 10.0.40219.1
Project("{888888A0-9F3D-457C-B088-3A5042F75D52}") = "метод гауса зейдера", "метод гауса зейдера.pyproj", "{4E309DA2-0C02-434E-9BAC-A86FEFBF5666}"
EndProject
Global
	GlobalSection(SolutionConfigurationPlatforms) = preSolution
		Debug|Any CPU = Debug|Any CPU
		Release|Any CPU = Release|Any CPU
	EndGlobalSection
	GlobalSection(ProjectConfigurationPlatforms) = postSolution
		{4E309DA2-0C02-434E-9BAC-A86FEFBF5666}.Debug|Any CPU.ActiveCfg = Debug|Any CPU
		{4E309DA2-0C02-434E-9BAC-A86FEFBF5666}.Release|Any CPU.ActiveCfg = Release|Any CPU
	EndGlobalSection
	GlobalSection(SolutionProperties) = preSolution
		HideSolutionNode = FALSE
	EndGlobalSection
	GlobalSection(ExtensibilityGlobals) = postSolution
		SolutionGuid = {D4DBB982-D3A4-4D9C-847B-85EBF02F1CE7}
	EndGlobalSection
EndGlobal
